
Microsoft Visual Studio Solution File, Format Version 12.00
# Visual Studio Version 17
VisualStudioVersion = 17.14.36429.23
MinimumVisualStudioVersion = 10.0.40219.1
Project("{2150E333-8FDC-42A3-9474-1A3956D46DE8}") = "Task0", "Task0", "{02EA681E-C7D8-13C7-8484-4AC65E1B71E8}"
EndProject
Project("{FAE04EC0-301F-11D3-BF4B-00C04F79EFBC}") = "Tyiui.SozonovaVA.Sprint0.V0", "Tyiui.SozonovaVA.Sprint0.V0\Tyiui.SozonovaVA.Sprint0.V0.csproj", "{5F58B0B9-87B6-4DC4-931C-29F86F857FFA}"
EndProject
Project("{2150E333-8FDC-42A3-9474-1A3956D46DE8}") = "Task1", "Task1", "{5807FAC1-101C-4FEB-A1E6-53A845091430}"
EndProject
Project("{FAE04EC0-301F-11D3-BF4B-00C04F79EFBC}") = "Tyuiu.SozonovaVA.Sprint0.Task1.V0", "Tyuiu.SozonovaVA.Sprint0.Task1.V0\Tyuiu.SozonovaVA.Sprint0.Task1.V0.csproj", "{C07C28BD-A39D-4973-925B-B8B30D907E01}"
EndProject
Project("{2150E333-8FDC-42A3-9474-1A3956D46DE8}") = "Task2", "Task2", "{60544F31-E35D-4474-B744-85E8880300AD}"
EndProject
Project("{FAE04EC0-301F-11D3-BF4B-00C04F79EFBC}") = "Tyuiu.SozonovaVA.Sprint0.Task2.V0", "Tyuiu.SozonovaVA.Sprint0.Task2.V0\Tyuiu.SozonovaVA.Sprint0.Task2.V0.csproj", "{40E63B81-D3B3-4638-A73E-1DB25D1B2AA9}"
EndProject
Project("{FAE04EC0-301F-11D3-BF4B-00C04F79EFBC}") = "Tyuiu.SozovovaVA.Sprint0.Task2.V0.Lib", "Tyuiu.SozovovaVA.Sprint0.Task2.V0.Lib\Tyuiu.SozovovaVA.Sprint0.Task2.V0.Lib.csproj", "{8D442341-ED26-4A68-9BC3-8FB7E8DFC1F4}"
EndProject
Project("{FAE04EC0-301F-11D3-BF4B-00C04F79EFBC}") = "Tyuiu.SozovovaVA.Sprint0.Task2.V0.Test", "Tyuiu.SozovovaVA.Sprint0.Task2.V0.Test\Tyuiu.SozovovaVA.Sprint0.Task2.V0.Test.csproj", "{B85468BF-ADA2-4FA3-92F2-970E42464478}"
EndProject
Project("{2150E333-8FDC-42A3-9474-1A3956D46DE8}") = "Task3", "Task3", "{6474E0B7-AD08-4216-B998-3D2FDBE7E584}"
EndProject
Project("{FAE04EC0-301F-11D3-BF4B-00C04F79EFBC}") = "Tyuiu.SozonovaVA.Sprint0.Task3.V0", "Tyuiu.SozonovaVA.Sprint0.Task3.V0\Tyuiu.SozonovaVA.Sprint0.Task3.V0.csproj", "{C3895995-27F4-4E69-94E4-547C93048AF7}"
EndProject
Project("{FAE04EC0-301F-11D3-BF4B-00C04F79EFBC}") = "Tyuiu.SozonovaVA.Sprint0.Task3.V0.Lib", "Tyuiu.SozonovaVA.Sprint0.Task3.V0.Lib\Tyuiu.SozonovaVA.Sprint0.Task3.V0.Lib.csproj", "{BF53CACA-D016-4EA1-8146-581813BEBC6F}"
EndProject
Project("{FAE04EC0-301F-11D3-BF4B-00C04F79EFBC}") = "Tyuiu.SozonovaVA.Sprint0.Task3.V0.Test", "Tyuiu.SozonovaVA.Sprint0.Task3.V0.Test\Tyuiu.SozonovaVA.Sprint0.Task3.V0.Test.csproj", "{E1618613-83C0-47C2-8ABA-D9A58D7C704C}"
EndProject
Project("{2150E333-8FDC-42A3-9474-1A3956D46DE8}") = "Task4", "Task4", "{ADF805AD-0FF8-4F8D-B4FB-26ADC7A989E4}"
EndProject
Project("{FAE04EC0-301F-11D3-BF4B-00C04F79EFBC}") = "Tyuiu.SozonovaVA.Sprint0.Task4.V0.", "Tyuiu.SozonovaVA.Sprint0.Task4.V0\Tyuiu.SozonovaVA.Sprint0.Task4.V0..csproj", "{7B6FC42A-FCE7-4B17-BB4B-B3BA1867368E}"
EndProject
Project("{FAE04EC0-301F-11D3-BF4B-00C04F79EFBC}") = "Tyuiu.SozonovaVA.Sprint0.Task4.V0.Lib", "Tyuiu.SozonovaVA.Sprint0.Task4.V0.Lib\Tyuiu.SozonovaVA.Sprint0.Task4.V0.Lib.csproj", "{25625209-2BC8-41B9-BC07-C34EAF684B1A}"
EndProject
Project("{FAE04EC0-301F-11D3-BF4B-00C04F79EFBC}") = "Tyuiu.SozonovaVA.Sprint0.Task4.V0.Test", "Tyuiu.SozonovaVA.Sprint0.Task4.V0.Test\Tyuiu.SozonovaVA.Sprint0.Task4.V0.Test.csproj", "{1F12624A-EC29-4582-9A29-5C804B878C09}"
EndProject
Project("{2150E333-8FDC-42A3-9474-1A3956D46DE8}") = "Task5", "Task5", "{1693E050-1330-4938-B7EA-8D5DE00B367C}"
EndProject
Project("{FAE04EC0-301F-11D3-BF4B-00C04F79EFBC}") = "Tyuiu.SozonovaVA.Sprint0.Task5.V0", "Tyuiu.SozonovaVA.Sprint0.Task5.V0\Tyuiu.SozonovaVA.Sprint0.Task5.V0.csproj", "{4CDE34EF-FF42-4DC5-A984-E21A35B2EF45}"
EndProject
Project("{FAE04EC0-301F-11D3-BF4B-00C04F79EFBC}") = "Tyuiu.SozonovaVA.Sprint0.Task5.V0.Lib", "Tyuiu.SozonovaVA.Sprint0.Task5.V0.Lib\Tyuiu.SozonovaVA.Sprint0.Task5.V0.Lib.csproj", "{194666B8-0A40-40B2-9086-F110C21C5017}"
EndProject
Project("{FAE04EC0-301F-11D3-BF4B-00C04F79EFBC}") = "Tyuiu.SozonovaVA.Sprint0.Task5.V0.Test", "Tyuiu.SozonovaVA.Sprint0.Task5.V0.Test\Tyuiu.SozonovaVA.Sprint0.Task5.V0.Test.csproj", "{4E66D1FC-383F-4F5F-B1B4-4CEB0413FF18}"
EndProject
Project("{2150E333-8FDC-42A3-9474-1A3956D46DE8}") = "Task6", "Task6", "{640EE529-D049-426C-9703-9BD4D0F8BCA5}"
EndProject
Project("{FAE04EC0-301F-11D3-BF4B-00C04F79EFBC}") = "Tyuiu.SozonovaVA.Sprint0.Task6.V0.", "Tyuiu.SozonovaVA.Sprint0.Task6.V0\Tyuiu.SozonovaVA.Sprint0.Task6.V0..csproj", "{FC48291A-F24D-4A7C-BF84-82B093E7E97C}"
EndProject
Project("{FAE04EC0-301F-11D3-BF4B-00C04F79EFBC}") = "Tyuiu.SozonovaVA.Sprint0.Task6.V0.Lib", "Tyuiu.SozonovaVA.Sprint0.Task6.V0.Lib\Tyuiu.SozonovaVA.Sprint0.Task6.V0.Lib.csproj", "{4AD2B550-373B-4B72-8BC4-F494670A180F}"
EndProject
Project("{FAE04EC0-301F-11D3-BF4B-00C04F79EFBC}") = "Tyuiu.SozonovaVA.Sprint0.Task6.V0.Test", "Tyuiu.SozonovaVA.Sprint0.Task6.V0.Test\Tyuiu.SozonovaVA.Sprint0.Task6.V0.Test.csproj", "{8A45C55F-D047-48D4-B02F-447DA1D450B9}"
EndProject
Project("{2150E333-8FDC-42A3-9474-1A3956D46DE8}") = "Task7", "Task7", "{85DA4444-F544-482A-9092-F4CE26047EC9}"
EndProject
Project("{FAE04EC0-301F-11D3-BF4B-00C04F79EFBC}") = "Tyuiu.SozonovaVA.Sprint0.Task7.V0", "Tyuiu.SozonovaVA.Sprint0.Task7.V0\Tyuiu.SozonovaVA.Sprint0.Task7.V0.csproj", "{67588228-DEE6-46DD-A25B-ECC7DBFC4DDC}"
EndProject
Project("{FAE04EC0-301F-11D3-BF4B-00C04F79EFBC}") = "Tyuiu.SozonovaVA.Sprint0.Task7.V0.Lib", "Tyuiu.SozonovaVA.Sprint0.Task7.V0.Lib\Tyuiu.SozonovaVA.Sprint0.Task7.V0.Lib.csproj", "{CA9F7149-9D66-4EAE-B3A6-398E42A22DCB}"
EndProject
Project("{FAE04EC0-301F-11D3-BF4B-00C04F79EFBC}") = "Tyuiu.SozonovaVA.Sprint0.Task7.V0.Test", "Tyuiu.SozonovaVA.Sprint0.Task7.V0.Test\Tyuiu.SozonovaVA.Sprint0.Task7.V0.Test.csproj", "{515B28F6-0305-4110-95B8-6E8D32E92228}"
EndProject
Global
	GlobalSection(SolutionConfigurationPlatforms) = preSolution
		Debug|Any CPU = Debug|Any CPU
		Release|Any CPU = Release|Any CPU
	EndGlobalSection
	GlobalSection(ProjectConfigurationPlatforms) = postSolution
		{5F58B0B9-87B6-4DC4-931C-29F86F857FFA}.Debug|Any CPU.ActiveCfg = Debug|Any CPU
		{5F58B0B9-87B6-4DC4-931C-29F86F857FFA}.Debug|Any CPU.Build.0 = Debug|Any CPU
		{5F58B0B9-87B6-4DC4-931C-29F86F857FFA}.Release|Any CPU.ActiveCfg = Release|Any CPU
		{5F58B0B9-87B6-4DC4-931C-29F86F857FFA}.Release|Any CPU.Build.0 = Release|Any CPU
		{C07C28BD-A39D-4973-925B-B8B30D907E01}.Debug|Any CPU.ActiveCfg = Debug|Any CPU
		{C07C28BD-A39D-4973-925B-B8B30D907E01}.Debug|Any CPU.Build.0 = Debug|Any CPU
		{C07C28BD-A39D-4973-925B-B8B30D907E01}.Release|Any CPU.ActiveCfg = Release|Any CPU
		{C07C28BD-A39D-4973-925B-B8B30D907E01}.Release|Any CPU.Build.0 = Release|Any CPU
		{40E63B81-D3B3-4638-A73E-1DB25D1B2AA9}.Debug|Any CPU.ActiveCfg = Debug|Any CPU
		{40E63B81-D3B3-4638-A73E-1DB25D1B2AA9}.Debug|Any CPU.Build.0 = Debug|Any CPU
		{40E63B81-D3B3-4638-A73E-1DB25D1B2AA9}.Release|Any CPU.ActiveCfg = Release|Any CPU
		{40E63B81-D3B3-4638-A73E-1DB25D1B2AA9}.Release|Any CPU.Build.0 = Release|Any CPU
		{8D442341-ED26-4A68-9BC3-8FB7E8DFC1F4}.Debug|Any CPU.ActiveCfg = Debug|Any CPU
		{8D442341-ED26-4A68-9BC3-8FB7E8DFC1F4}.Debug|Any CPU.Build.0 = Debug|Any CPU
		{8D442341-ED26-4A68-9BC3-8FB7E8DFC1F4}.Release|Any CPU.ActiveCfg = Release|Any CPU
		{8D442341-ED26-4A68-9BC3-8FB7E8DFC1F4}.Release|Any CPU.Build.0 = Release|Any CPU
		{B85468BF-ADA2-4FA3-92F2-970E42464478}.Debug|Any CPU.ActiveCfg = Debug|Any CPU
		{B85468BF-ADA2-4FA3-92F2-970E42464478}.Debug|Any CPU.Build.0 = Debug|Any CPU
		{B85468BF-ADA2-4FA3-92F2-970E42464478}.Release|Any CPU.ActiveCfg = Release|Any CPU
		{B85468BF-ADA2-4FA3-92F2-970E42464478}.Release|Any CPU.Build.0 = Release|Any CPU
		{C3895995-27F4-4E69-94E4-547C93048AF7}.Debug|Any CPU.ActiveCfg = Debug|Any CPU
		{C3895995-27F4-4E69-94E4-547C93048AF7}.Debug|Any CPU.Build.0 = Debug|Any CPU
		{C3895995-27F4-4E69-94E4-547C93048AF7}.Release|Any CPU.ActiveCfg = Release|Any CPU
		{C3895995-27F4-4E69-94E4-547C93048AF7}.Release|Any CPU.Build.0 = Release|Any CPU
		{BF53CACA-D016-4EA1-8146-581813BEBC6F}.Debug|Any CPU.ActiveCfg = Debug|Any CPU
		{BF53CACA-D016-4EA1-8146-581813BEBC6F}.Debug|Any CPU.Build.0 = Debug|Any CPU
		{BF53CACA-D016-4EA1-8146-581813BEBC6F}.Release|Any CPU.ActiveCfg = Release|Any CPU
		{BF53CACA-D016-4EA1-8146-581813BEBC6F}.Release|Any CPU.Build.0 = Release|Any CPU
		{E1618613-83C0-47C2-8ABA-D9A58D7C704C}.Debug|Any CPU.ActiveCfg = Debug|Any CPU
		{E1618613-83C0-47C2-8ABA-D9A58D7C704C}.Debug|Any CPU.Build.0 = Debug|Any CPU
		{E1618613-83C0-47C2-8ABA-D9A58D7C704C}.Release|Any CPU.ActiveCfg = Release|Any CPU
		{E1618613-83C0-47C2-8ABA-D9A58D7C704C}.Release|Any CPU.Build.0 = Release|Any CPU
		{7B6FC42A-FCE7-4B17-BB4B-B3BA1867368E}.Debug|Any CPU.ActiveCfg = Debug|Any CPU
		{7B6FC42A-FCE7-4B17-BB4B-B3BA1867368E}.Debug|Any CPU.Build.0 = Debug|Any CPU
		{7B6FC42A-FCE7-4B17-BB4B-B3BA1867368E}.Release|Any CPU.ActiveCfg = Release|Any CPU
		{7B6FC42A-FCE7-4B17-BB4B-B3BA1867368E}.Release|Any CPU.Build.0 = Release|Any CPU
		{25625209-2BC8-41B9-BC07-C34EAF684B1A}.Debug|Any CPU.ActiveCfg = Debug|Any CPU
		{25625209-2BC8-41B9-BC07-C34EAF684B1A}.Debug|Any CPU.Build.0 = Debug|Any CPU
		{25625209-2BC8-41B9-BC07-C34EAF684B1A}.Release|Any CPU.ActiveCfg = Release|Any CPU
		{25625209-2BC8-41B9-BC07-C34EAF684B1A}.Release|Any CPU.Build.0 = Release|Any CPU
		{1F12624A-EC29-4582-9A29-5C804B878C09}.Debug|Any CPU.ActiveCfg = Debug|Any CPU
		{1F12624A-EC29-4582-9A29-5C804B878C09}.Debug|Any CPU.Build.0 = Debug|Any CPU
		{1F12624A-EC29-4582-9A29-5C804B878C09}.Release|Any CPU.ActiveCfg = Release|Any CPU
		{1F12624A-EC29-4582-9A29-5C804B878C09}.Release|Any CPU.Build.0 = Release|Any CPU
		{4CDE34EF-FF42-4DC5-A984-E21A35B2EF45}.Debug|Any CPU.ActiveCfg = Debug|Any CPU
		{4CDE34EF-FF42-4DC5-A984-E21A35B2EF45}.Debug|Any CPU.Build.0 = Debug|Any CPU
		{4CDE34EF-FF42-4DC5-A984-E21A35B2EF45}.Release|Any CPU.ActiveCfg = Release|Any CPU
		{4CDE34EF-FF42-4DC5-A984-E21A35B2EF45}.Release|Any CPU.Build.0 = Release|Any CPU
		{194666B8-0A40-40B2-9086-F110C21C5017}.Debug|Any CPU.ActiveCfg = Debug|Any CPU
		{194666B8-0A40-40B2-9086-F110C21C5017}.Debug|Any CPU.Build.0 = Debug|Any CPU
		{194666B8-0A40-40B2-9086-F110C21C5017}.Release|Any CPU.ActiveCfg = Release|Any CPU
		{194666B8-0A40-40B2-9086-F110C21C5017}.Release|Any CPU.Build.0 = Release|Any CPU
		{4E66D1FC-383F-4F5F-B1B4-4CEB0413FF18}.Debug|Any CPU.ActiveCfg = Debug|Any CPU
		{4E66D1FC-383F-4F5F-B1B4-4CEB0413FF18}.Debug|Any CPU.Build.0 = Debug|Any CPU
		{4E66D1FC-383F-4F5F-B1B4-4CEB0413FF18}.Release|Any CPU.ActiveCfg = Release|Any CPU
		{4E66D1FC-383F-4F5F-B1B4-4CEB0413FF18}.Release|Any CPU.Build.0 = Release|Any CPU
		{FC48291A-F24D-4A7C-BF84-82B093E7E97C}.Debug|Any CPU.ActiveCfg = Debug|Any CPU
		{FC48291A-F24D-4A7C-BF84-82B093E7E97C}.Debug|Any CPU.Build.0 = Debug|Any CPU
		{FC48291A-F24D-4A7C-BF84-82B093E7E97C}.Release|Any CPU.ActiveCfg = Release|Any CPU
		{FC48291A-F24D-4A7C-BF84-82B093E7E97C}.Release|Any CPU.Build.0 = Release|Any CPU
		{4AD2B550-373B-4B72-8BC4-F494670A180F}.Debug|Any CPU.ActiveCfg = Debug|Any CPU
		{4AD2B550-373B-4B72-8BC4-F494670A180F}.Debug|Any CPU.Build.0 = Debug|Any CPU
		{4AD2B550-373B-4B72-8BC4-F494670A180F}.Release|Any CPU.ActiveCfg = Release|Any CPU
		{4AD2B550-373B-4B72-8BC4-F494670A180F}.Release|Any CPU.Build.0 = Release|Any CPU
		{8A45C55F-D047-48D4-B02F-447DA1D450B9}.Debug|Any CPU.ActiveCfg = Debug|Any CPU
		{8A45C55F-D047-48D4-B02F-447DA1D450B9}.Debug|Any CPU.Build.0 = Debug|Any CPU
		{8A45C55F-D047-48D4-B02F-447DA1D450B9}.Release|Any CPU.ActiveCfg = Release|Any CPU
		{8A45C55F-D047-48D4-B02F-447DA1D450B9}.Release|Any CPU.Build.0 = Release|Any CPU
		{67588228-DEE6-46DD-A25B-ECC7DBFC4DDC}.Debug|Any CPU.ActiveCfg = Debug|Any CPU
		{67588228-DEE6-46DD-A25B-ECC7DBFC4DDC}.Debug|Any CPU.Build.0 = Debug|Any CPU
		{67588228-DEE6-46DD-A25B-ECC7DBFC4DDC}.Release|Any CPU.ActiveCfg = Release|Any CPU
		{67588228-DEE6-46DD-A25B-ECC7DBFC4DDC}.Release|Any CPU.Build.0 = Release|Any CPU
		{CA9F7149-9D66-4EAE-B3A6-398E42A22DCB}.Debug|Any CPU.ActiveCfg = Debug|Any CPU
		{CA9F7149-9D66-4EAE-B3A6-398E42A22DCB}.Debug|Any CPU.Build.0 = Debug|Any CPU
		{CA9F7149-9D66-4EAE-B3A6-398E42A22DCB}.Release|Any CPU.ActiveCfg = Release|Any CPU
		{CA9F7149-9D66-4EAE-B3A6-398E42A22DCB}.Release|Any CPU.Build.0 = Release|Any CPU
		{515B28F6-0305-4110-95B8-6E8D32E92228}.Debug|Any CPU.ActiveCfg = Debug|Any CPU
		{515B28F6-0305-4110-95B8-6E8D32E92228}.Debug|Any CPU.Build.0 = Debug|Any CPU
		{515B28F6-0305-4110-95B8-6E8D32E92228}.Release|Any CPU.ActiveCfg = Release|Any CPU
		{515B28F6-0305-4110-95B8-6E8D32E92228}.Release|Any CPU.Build.0 = Release|Any CPU
	EndGlobalSection
	GlobalSection(SolutionProperties) = preSolution
		HideSolutionNode = FALSE
	EndGlobalSection
	GlobalSection(NestedProjects) = preSolution
		{5F58B0B9-87B6-4DC4-931C-29F86F857FFA} = {02EA681E-C7D8-13C7-8484-4AC65E1B71E8}
		{C07C28BD-A39D-4973-925B-B8B30D907E01} = {5807FAC1-101C-4FEB-A1E6-53A845091430}
		{40E63B81-D3B3-4638-A73E-1DB25D1B2AA9} = {60544F31-E35D-4474-B744-85E8880300AD}
		{8D442341-ED26-4A68-9BC3-8FB7E8DFC1F4} = {60544F31-E35D-4474-B744-85E8880300AD}
		{B85468BF-ADA2-4FA3-92F2-970E42464478} = {60544F31-E35D-4474-B744-85E8880300AD}
		{C3895995-27F4-4E69-94E4-547C93048AF7} = {6474E0B7-AD08-4216-B998-3D2FDBE7E584}
		{BF53CACA-D016-4EA1-8146-581813BEBC6F} = {6474E0B7-AD08-4216-B998-3D2FDBE7E584}
		{E1618613-83C0-47C2-8ABA-D9A58D7C704C} = {6474E0B7-AD08-4216-B998-3D2FDBE7E584}
		{7B6FC42A-FCE7-4B17-BB4B-B3BA1867368E} = {ADF805AD-0FF8-4F8D-B4FB-26ADC7A989E4}
		{25625209-2BC8-41B9-BC07-C34EAF684B1A} = {ADF805AD-0FF8-4F8D-B4FB-26ADC7A989E4}
		{1F12624A-EC29-4582-9A29-5C804B878C09} = {ADF805AD-0FF8-4F8D-B4FB-26ADC7A989E4}
		{4CDE34EF-FF42-4DC5-A984-E21A35B2EF45} = {1693E050-1330-4938-B7EA-8D5DE00B367C}
		{194666B8-0A40-40B2-9086-F110C21C5017} = {1693E050-1330-4938-B7EA-8D5DE00B367C}
		{4E66D1FC-383F-4F5F-B1B4-4CEB0413FF18} = {1693E050-1330-4938-B7EA-8D5DE00B367C}
		{FC48291A-F24D-4A7C-BF84-82B093E7E97C} = {640EE529-D049-426C-9703-9BD4D0F8BCA5}
		{4AD2B550-373B-4B72-8BC4-F494670A180F} = {640EE529-D049-426C-9703-9BD4D0F8BCA5}
		{8A45C55F-D047-48D4-B02F-447DA1D450B9} = {640EE529-D049-426C-9703-9BD4D0F8BCA5}
		{67588228-DEE6-46DD-A25B-ECC7DBFC4DDC} = {85DA4444-F544-482A-9092-F4CE26047EC9}
		{CA9F7149-9D66-4EAE-B3A6-398E42A22DCB} = {85DA4444-F544-482A-9092-F4CE26047EC9}
		{515B28F6-0305-4110-95B8-6E8D32E92228} = {85DA4444-F544-482A-9092-F4CE26047EC9}
	EndGlobalSection
	GlobalSection(ExtensibilityGlobals) = postSolution
		SolutionGuid = {6E996855-3BE8-498A-BC6F-9FB4C5EC22D1}
	EndGlobalSection
EndGlobal
